<?xml version="1.0" encoding="UTF-8" standalone="yes" ?>
<CodeBlocks_project_file>
	<FileVersion major="1" minor="6" />
	<Project>
		<Option title="TrabalhoAED2" />
		<Option pch_mode="2" />
		<Option compiler="gcc" />
		<Build>
			<Target title="Debug">
				<Option output="bin/Debug/TrabalhoAED2" prefix_auto="1" extension_auto="1" />
				<Option object_output="obj/Debug/" />
				<Option type="1" />
				<Option compiler="gcc" />
				<Compiler>
					<Add option="-g" />
				</Compiler>
			</Target>
			<Target title="Release">
				<Option output="bin/Release/TrabalhoAED2" prefix_auto="1" extension_auto="1" />
				<Option object_output="obj/Release/" />
				<Option type="1" />
				<Option compiler="gcc" />
				<Compiler>
					<Add option="-O2" />
				</Compiler>
				<Linker>
					<Add option="-s" />
				</Linker>
			</Target>
		</Build>
		<Compiler>
			<Add option="-Wall" />
		</Compiler>
		<Unit filename="../GEA/data/config.txt" />
		<Unit filename="../GEA/data/pecas.txt" />
		<Unit filename="../GEA/data/users.txt" />
		<Unit filename="../GEA/include/client.h" />
		<Unit filename="../GEA/include/config.h" />
		<Unit filename="../GEA/include/pecas.h" />
		<Unit filename="../GEA/include/users.h" />
		<Unit filename="../GEA/lib/client.c">
			<Option compilerVar="CC" />
		</Unit>
		<Unit filename="../GEA/lib/config.c">
			<Option compilerVar="CC" />
		</Unit>
		<Unit filename="../GEA/lib/pecas.c">
			<Option compilerVar="CC" />
		</Unit>
		<Unit filename="../GEA/lib/users.c">
			<Option compilerVar="CC" />
		</Unit>
		<Unit filename="../GEA/src/main.c">
			<Option compilerVar="CC" />
		</Unit>
		<Extensions />
	</Project>
</CodeBlocks_project_file>
